
Microsoft Visual Studio Solution File, Format Version 12.00
# Visual Studio Version 16
VisualStudioVersion = 16.0.33927.289
MinimumVisualStudioVersion = 10.0.40219.1
Project("{FAE04EC0-301F-11D3-BF4B-00C04F79EFBC}") = "FindTheExit2", "FindTheExit2\FindTheExit2.csproj", "{9A72E761-F482-4BB1-9DA7-276B192E056F}"
EndProject
Global
	GlobalSection(SolutionConfigurationPlatforms) = preSolution
		Debug|Any CPU = Debug|Any CPU
		Release|Any CPU = Release|Any CPU
	EndGlobalSection
	GlobalSection(ProjectConfigurationPlatforms) = postSolution
		{9A72E761-F482-4BB1-9DA7-276B192E056F}.Debug|Any CPU.ActiveCfg = Debug|Any CPU
		{9A72E761-F482-4BB1-9DA7-276B192E056F}.Debug|Any CPU.Build.0 = Debug|Any CPU
		{9A72E761-F482-4BB1-9DA7-276B192E056F}.Release|Any CPU.ActiveCfg = Release|Any CPU
		{9A72E761-F482-4BB1-9DA7-276B192E056F}.Release|Any CPU.Build.0 = Release|Any CPU
	EndGlobalSection
	GlobalSection(SolutionProperties) = preSolution
		HideSolutionNode = FALSE
	EndGlobalSection
	GlobalSection(ExtensibilityGlobals) = postSolution
		SolutionGuid = {9F0D7EEC-AC1C-434E-988F-44B781168EDD}
	EndGlobalSection
EndGlobal
